{
    "_readme": [
        "This file locks the dependencies of your project to a known state",
        "Read more about it at https://getcomposer.org/doc/01-basic-usage.md#composer-lock-the-lock-file",
        "This file is @generated automatically"
    ],
    "content-hash": "2dc341b39e224473eddb57468842edbd",
    "packages": [
        {
            "name": "nette/php-generator",
            "version": "v3.2.2",
            "source": {
                "type": "git",
                "url": "https://github.com/nette/php-generator.git",
                "reference": "acff8b136fad84b860a626d133e791f95781f9f5"
            },
            "dist": {
                "type": "zip",
                "url": "https://api.github.com/repos/nette/php-generator/zipball/acff8b136fad84b860a626d133e791f95781f9f5",
                "reference": "acff8b136fad84b860a626d133e791f95781f9f5",
                "shasum": ""
            },
            "require": {
                "nette/utils": "^2.4.2 || ~3.0.0",
                "php": ">=7.1"
            },
            "require-dev": {
                "nette/tester": "^2.0",
                "tracy/tracy": "^2.3"
            },
            "type": "library",
            "extra": {
                "branch-alias": {
                    "dev-master": "3.2-dev"
                }
            },
            "autoload": {
                "classmap": [
                    "src/"
                ]
            },
            "notification-url": "https://packagist.org/downloads/",
            "license": [
                "BSD-3-Clause",
                "GPL-2.0",
                "GPL-3.0"
            ],
            "authors": [
                {
                    "name": "David Grudl",
                    "homepage": "https://davidgrudl.com"
                },
                {
                    "name": "Nette Community",
                    "homepage": "https://nette.org/contributors"
                }
            ],
            "description": "🐘 Nette PHP Generator: generates neat PHP code for you. Supports new PHP 7.3 features.",
            "homepage": "https://nette.org",
            "keywords": [
                "code",
                "nette",
                "php",
                "scaffolding"
            ],
            "time": "2019-03-15T03:41:13+00:00"
        },
        {
            "name": "nette/utils",
            "version": "v3.0.1",
            "source": {
                "type": "git",
                "url": "https://github.com/nette/utils.git",
                "reference": "bd961f49b211997202bda1d0fbc410905be370d4"
            },
            "dist": {
                "type": "zip",
                "url": "https://api.github.com/repos/nette/utils/zipball/bd961f49b211997202bda1d0fbc410905be370d4",
                "reference": "bd961f49b211997202bda1d0fbc410905be370d4",
                "shasum": ""
            },
            "require": {
                "php": ">=7.1"
            },
            "require-dev": {
                "nette/tester": "~2.0",
                "tracy/tracy": "^2.3"
            },
            "suggest": {
                "ext-gd": "to use Image",
                "ext-iconv": "to use Strings::webalize() and toAscii()",
                "ext-intl": "to use Strings::webalize(), toAscii(), normalize() and compare()",
                "ext-json": "to use Nette\\Utils\\Json",
                "ext-mbstring": "to use Strings::lower() etc...",
                "ext-xml": "to use Strings::length() etc. when mbstring is not available"
            },
            "type": "library",
            "extra": {
                "branch-alias": {
                    "dev-master": "3.0-dev"
                }
            },
            "autoload": {
                "classmap": [
                    "src/"
                ]
            },
            "notification-url": "https://packagist.org/downloads/",
            "license": [
                "BSD-3-Clause",
                "GPL-2.0",
                "GPL-3.0"
            ],
            "authors": [
                {
                    "name": "David Grudl",
                    "homepage": "https://davidgrudl.com"
                },
                {
                    "name": "Nette Community",
                    "homepage": "https://nette.org/contributors"
                }
            ],
            "description": "🛠 Nette Utils: lightweight utilities for string & array manipulation, image handling, safe JSON encoding/decoding, validation, slug or strong password generating etc.",
            "homepage": "https://nette.org",
            "keywords": [
                "array",
                "core",
                "datetime",
                "images",
                "json",
                "nette",
                "paginator",
                "password",
                "slugify",
                "string",
                "unicode",
                "utf-8",
                "utility",
                "validation"
            ],
            "time": "2019-03-22T01:00:30+00:00"
        },
        {
            "name": "nexusnetsoftgmbh/nexuscli",
            "version": "3.1.0",
            "source": {
                "type": "git",
                "url": "https://github.com/nexusnetsoftgmbh/nexuscli.git",
                "reference": "8416b43d31ad56ea379ae2b0bf85d456e78ba67a"
            },
            "dist": {
                "type": "zip",
                "url": "https://api.github.com/repos/nexusnetsoftgmbh/nexuscli/zipball/8416b43d31ad56ea379ae2b0bf85d456e78ba67a",
                "reference": "8416b43d31ad56ea379ae2b0bf85d456e78ba67a",
                "shasum": ""
            },
            "require": {
                "php": ">=7.1.0",
                "symfony/finder": "^4.1.1",
                "xervice/core": "^4.0.0",
                "xervice/data-provider": "^2.0.0"
            },
            "require-dev": {
                "codeception/codeception": "*",
                "phpstan/phpstan": "*",
                "symfony/var-dumper": "*",
                "xervice/development": "^1.0.0"
            },
            "bin": [
                "bin/nxscli"
            ],
            "type": "library",
            "autoload": {
                "psr-4": {
                    "DataProvider\\": "_Generated/"
                },
                "psr-0": {
                    "Nexus\\": "src/"
                }
            },
            "notification-url": "https://packagist.org/downloads/",
            "license": [
                "MIT"
            ],
            "authors": [
                {
                    "name": "Mike Bertram",
                    "email": "bertram@nexus-netsoft.com"
                }
            ],
            "time": "2019-04-08T07:37:02+00:00"
        },
        {
            "name": "nexusnetsoftgmbh/nxscli-spryker",
            "version": "2.2.0",
            "source": {
                "type": "git",
                "url": "https://github.com/nexusnetsoftgmbh/nxscli-spryker.git",
                "reference": "9ad927039e9047adad047c2cc8ca18ea3b8d8ce7"
            },
            "dist": {
                "type": "zip",
                "url": "https://api.github.com/repos/nexusnetsoftgmbh/nxscli-spryker/zipball/9ad927039e9047adad047c2cc8ca18ea3b8d8ce7",
                "reference": "9ad927039e9047adad047c2cc8ca18ea3b8d8ce7",
                "shasum": ""
            },
            "require": {
                "nexusnetsoftgmbh/nexuscli": "^3.0.0",
                "php": ">=7.1.0"
            },
            "require-dev": {
                "codeception/codeception": "*",
                "symfony/var-dumper": "*",
                "xervice/development": "*"
            },
            "type": "library",
            "autoload": {
                "psr-4": {
                    "NexusTest\\": "tests/Nexus/",
                    "DataProvider\\": "src/Generated/"
                },
                "psr-0": {
                    "Nexus\\": "src/"
                }
            },
            "notification-url": "https://packagist.org/downloads/",
            "license": [
                "MIT"
            ],
            "authors": [
                {
                    "name": "Mike Bertram",
                    "email": "bertram@nexus-netsoft.com"
                }
            ],
            "time": "2019-04-08T07:35:17+00:00"
        },
        {
            "name": "symfony/console",
            "version": "v4.2.5",
            "source": {
                "type": "git",
                "url": "https://github.com/symfony/console.git",
                "reference": "24206aff3efe6962593297e57ef697ebb220e384"
            },
            "dist": {
                "type": "zip",
                "url": "https://api.github.com/repos/symfony/console/zipball/24206aff3efe6962593297e57ef697ebb220e384",
                "reference": "24206aff3efe6962593297e57ef697ebb220e384",
                "shasum": ""
            },
            "require": {
                "php": "^7.1.3",
                "symfony/contracts": "^1.0",
                "symfony/polyfill-mbstring": "~1.0"
            },
            "conflict": {
                "symfony/dependency-injection": "<3.4",
                "symfony/process": "<3.3"
            },
            "provide": {
                "psr/log-implementation": "1.0"
            },
            "require-dev": {
                "psr/log": "~1.0",
                "symfony/config": "~3.4|~4.0",
                "symfony/dependency-injection": "~3.4|~4.0",
                "symfony/event-dispatcher": "~3.4|~4.0",
                "symfony/lock": "~3.4|~4.0",
                "symfony/process": "~3.4|~4.0"
            },
            "suggest": {
                "psr/log": "For using the console logger",
                "symfony/event-dispatcher": "",
                "symfony/lock": "",
                "symfony/process": ""
            },
            "type": "library",
            "extra": {
                "branch-alias": {
                    "dev-master": "4.2-dev"
                }
            },
            "autoload": {
                "psr-4": {
                    "Symfony\\Component\\Console\\": ""
                },
                "exclude-from-classmap": [
                    "/Tests/"
                ]
            },
            "notification-url": "https://packagist.org/downloads/",
            "license": [
                "MIT"
            ],
            "authors": [
                {
                    "name": "Fabien Potencier",
                    "email": "fabien@symfony.com"
                },
                {
                    "name": "Symfony Community",
                    "homepage": "https://symfony.com/contributors"
                }
            ],
            "description": "Symfony Console Component",
            "homepage": "https://symfony.com",
            "time": "2019-04-01T07:32:59+00:00"
        },
        {
            "name": "symfony/contracts",
            "version": "v1.0.2",
            "source": {
                "type": "git",
                "url": "https://github.com/symfony/contracts.git",
                "reference": "1aa7ab2429c3d594dd70689604b5cf7421254cdf"
            },
            "dist": {
                "type": "zip",
                "url": "https://api.github.com/repos/symfony/contracts/zipball/1aa7ab2429c3d594dd70689604b5cf7421254cdf",
                "reference": "1aa7ab2429c3d594dd70689604b5cf7421254cdf",
                "shasum": ""
            },
            "require": {
                "php": "^7.1.3"
            },
            "require-dev": {
                "psr/cache": "^1.0",
                "psr/container": "^1.0"
            },
            "suggest": {
                "psr/cache": "When using the Cache contracts",
                "psr/container": "When using the Service contracts",
                "symfony/cache-contracts-implementation": "",
                "symfony/service-contracts-implementation": "",
                "symfony/translation-contracts-implementation": ""
            },
            "type": "library",
            "extra": {
                "branch-alias": {
                    "dev-master": "1.0-dev"
                }
            },
            "autoload": {
                "psr-4": {
                    "Symfony\\Contracts\\": ""
                },
                "exclude-from-classmap": [
                    "**/Tests/"
                ]
            },
            "notification-url": "https://packagist.org/downloads/",
            "license": [
                "MIT"
            ],
            "authors": [
                {
                    "name": "Nicolas Grekas",
                    "email": "p@tchwork.com"
                },
                {
                    "name": "Symfony Community",
                    "homepage": "https://symfony.com/contributors"
                }
            ],
            "description": "A set of abstractions extracted out of the Symfony components",
            "homepage": "https://symfony.com",
            "keywords": [
                "abstractions",
                "contracts",
                "decoupling",
                "interfaces",
                "interoperability",
                "standards"
            ],
            "time": "2018-12-05T08:06:11+00:00"
        },
        {
            "name": "symfony/finder",
            "version": "v4.2.5",
            "source": {
                "type": "git",
                "url": "https://github.com/symfony/finder.git",
                "reference": "267b7002c1b70ea80db0833c3afe05f0fbde580a"
            },
            "dist": {
                "type": "zip",
                "url": "https://api.github.com/repos/symfony/finder/zipball/267b7002c1b70ea80db0833c3afe05f0fbde580a",
                "reference": "267b7002c1b70ea80db0833c3afe05f0fbde580a",
                "shasum": ""
            },
            "require": {
                "php": "^7.1.3"
            },
            "type": "library",
            "extra": {
                "branch-alias": {
                    "dev-master": "4.2-dev"
                }
            },
            "autoload": {
                "psr-4": {
                    "Symfony\\Component\\Finder\\": ""
                },
                "exclude-from-classmap": [
                    "/Tests/"
                ]
            },
            "notification-url": "https://packagist.org/downloads/",
            "license": [
                "MIT"
            ],
            "authors": [
                {
                    "name": "Fabien Potencier",
                    "email": "fabien@symfony.com"
                },
                {
                    "name": "Symfony Community",
                    "homepage": "https://symfony.com/contributors"
                }
            ],
            "description": "Symfony Finder Component",
            "homepage": "https://symfony.com",
            "time": "2019-02-23T15:42:05+00:00"
        },
        {
            "name": "symfony/polyfill-mbstring",
            "version": "v1.11.0",
            "source": {
                "type": "git",
                "url": "https://github.com/symfony/polyfill-mbstring.git",
                "reference": "fe5e94c604826c35a32fa832f35bd036b6799609"
            },
            "dist": {
                "type": "zip",
                "url": "https://api.github.com/repos/symfony/polyfill-mbstring/zipball/fe5e94c604826c35a32fa832f35bd036b6799609",
                "reference": "fe5e94c604826c35a32fa832f35bd036b6799609",
                "shasum": ""
            },
            "require": {
                "php": ">=5.3.3"
            },
            "suggest": {
                "ext-mbstring": "For best performance"
            },
            "type": "library",
            "extra": {
                "branch-alias": {
                    "dev-master": "1.11-dev"
                }
            },
            "autoload": {
                "psr-4": {
                    "Symfony\\Polyfill\\Mbstring\\": ""
                },
                "files": [
                    "bootstrap.php"
                ]
            },
            "notification-url": "https://packagist.org/downloads/",
            "license": [
                "MIT"
            ],
            "authors": [
                {
                    "name": "Nicolas Grekas",
                    "email": "p@tchwork.com"
                },
                {
                    "name": "Symfony Community",
                    "homepage": "https://symfony.com/contributors"
                }
            ],
            "description": "Symfony polyfill for the Mbstring extension",
            "homepage": "https://symfony.com",
            "keywords": [
                "compatibility",
                "mbstring",
                "polyfill",
                "portable",
                "shim"
            ],
            "time": "2019-02-06T07:57:58+00:00"
        },
        {
            "name": "xervice/config",
            "version": "3.1.0",
            "source": {
                "type": "git",
                "url": "https://github.com/xervice/config.git",
                "reference": "11b6d9eeba9a22539a40cb9b313f4bed2fc5bdbb"
            },
            "dist": {
                "type": "zip",
                "url": "https://api.github.com/repos/xervice/config/zipball/11b6d9eeba9a22539a40cb9b313f4bed2fc5bdbb",
                "reference": "11b6d9eeba9a22539a40cb9b313f4bed2fc5bdbb",
                "shasum": ""
            },
            "require-dev": {
                "codeception/codeception": "*",
                "phpstan/phpstan": "^0.9.0",
                "symfony/var-dumper": "*"
            },
            "type": "library",
            "autoload": {
                "psr-4": {
                    "XerviceTest\\": "tests/Xervice/"
                },
                "psr-0": {
                    "Xervice\\": "src/"
                }
            },
            "notification-url": "https://packagist.org/downloads/",
            "license": [
                "MIT"
            ],
            "authors": [
                {
                    "name": "Mike Bertram",
                    "email": "contact@mibexx.de"
                }
            ],
            "description": "Config environment to xervice components",
            "time": "2018-08-20T10:24:32+00:00"
        },
        {
            "name": "xervice/console",
            "version": "2.0.0",
            "source": {
                "type": "git",
                "url": "https://github.com/xervice/console.git",
                "reference": "017b80d78c74fee6e918c6643530699706eb289d"
            },
            "dist": {
                "type": "zip",
                "url": "https://api.github.com/repos/xervice/console/zipball/017b80d78c74fee6e918c6643530699706eb289d",
                "reference": "017b80d78c74fee6e918c6643530699706eb289d",
                "shasum": ""
            },
            "require": {
                "symfony/console": "^4.0.0",
                "xervice/core": "^4.0.0"
            },
            "require-dev": {
                "codeception/codeception": "*",
                "phpstan/phpstan": "^0.9.0",
                "symfony/var-dumper": "*"
            },
            "bin": [
                "bin/xervice"
            ],
            "type": "library",
            "autoload": {
                "psr-0": {
                    "Xervice\\": "src/"
                }
            },
            "notification-url": "https://packagist.org/downloads/",
            "license": [
                "MIT"
            ],
            "authors": [
                {
                    "name": "Mike Bertram",
                    "email": "contact@mibexx.de"
                }
            ],
            "time": "2018-08-23T09:19:06+00:00"
        },
        {
            "name": "xervice/core",
            "version": "4.0.0",
            "source": {
                "type": "git",
                "url": "https://github.com/xervice/core.git",
                "reference": "f2005706e1363a62bf929fc84b2b45aaedf94f16"
            },
            "dist": {
                "type": "zip",
                "url": "https://api.github.com/repos/xervice/core/zipball/f2005706e1363a62bf929fc84b2b45aaedf94f16",
                "reference": "f2005706e1363a62bf929fc84b2b45aaedf94f16",
                "shasum": ""
            },
            "require": {
                "php": ">=7.1.0",
                "xervice/config": "^3.0.0"
            },
            "require-dev": {
                "codeception/codeception": "*",
                "phpstan/phpstan": "^0.9.0",
                "symfony/var-dumper": "*"
            },
            "type": "library",
            "autoload": {
                "psr-4": {
                    "XerviceTest\\": "tests/Xervice/"
                },
                "psr-0": {
                    "Test\\": "src/",
                    "Xervice\\": "src/"
                }
            },
            "notification-url": "https://packagist.org/downloads/",
            "license": [
                "MIT"
            ],
            "authors": [
                {
                    "name": "Mike Bertram",
                    "email": "contact@mibexx.de"
                }
            ],
            "description": "Xervice core functionality",
            "time": "2018-08-28T08:22:48+00:00"
        },
        {
            "name": "xervice/data-provider",
            "version": "2.2.1",
            "source": {
                "type": "git",
                "url": "https://github.com/xervice/data-provider.git",
                "reference": "17c662367fcf69581f2b7d5dfb29cf43b71f1bed"
            },
            "dist": {
                "type": "zip",
                "url": "https://api.github.com/repos/xervice/data-provider/zipball/17c662367fcf69581f2b7d5dfb29cf43b71f1bed",
                "reference": "17c662367fcf69581f2b7d5dfb29cf43b71f1bed",
                "shasum": ""
            },
            "require": {
                "nette/php-generator": "^3.0.0",
                "php": ">=7.1.0",
                "symfony/finder": "^4.1.0",
                "xervice/console": "^2.0.0",
                "xervice/core": "^4.0.0"
            },
            "require-dev": {
                "codeception/codeception": "*",
                "phpstan/phpstan": "^0.9.0",
                "symfony/var-dumper": "*"
            },
            "type": "library",
            "autoload": {
                "psr-0": {
                    "Xervice\\": "src/"
                },
                "psr-4": {
                    "DataProvider\\": "src/Generated/"
                }
            },
            "notification-url": "https://packagist.org/downloads/",
            "license": [
                "MIT"
            ],
            "authors": [
                {
                    "name": "Mike Bertram",
                    "email": "contact@mibexx.de"
                }
            ],
            "time": "2019-02-06T14:19:30+00:00"
        }
    ],
    "packages-dev": [
        {
            "name": "xervice/development",
            "version": "1.0.0",
            "source": {
                "type": "git",
                "url": "https://github.com/xervice/development.git",
                "reference": "dd06ed035421a7251ea6bea8f3dffaea81097daf"
            },
            "dist": {
                "type": "zip",
                "url": "https://api.github.com/repos/xervice/development/zipball/dd06ed035421a7251ea6bea8f3dffaea81097daf",
                "reference": "dd06ed035421a7251ea6bea8f3dffaea81097daf",
                "shasum": ""
            },
            "require": {
                "nette/php-generator": "^3.0.0",
                "php": ">=7.1.0",
                "xervice/console": "^2.0.0",
                "xervice/core": "^4.0.0"
            },
            "require-dev": {
                "codeception/codeception": "*",
                "phpstan/phpstan": "*",
                "symfony/var-dumper": "*"
            },
            "type": "library",
            "autoload": {
                "psr-4": {
                    "DataProvider\\": "src/Generated/"
                },
                "psr-0": {
                    "Xervice\\": "src/",
                    "Generated\\": "src/"
                }
            },
            "notification-url": "https://packagist.org/downloads/",
            "license": [
                "MIT"
            ],
            "authors": [
                {
                    "name": "Mike Bertram",
                    "email": "contact@mibexx.de"
                }
            ],
            "time": "2018-08-22T09:19:43+00:00"
        }
    ],
    "aliases": [],
    "minimum-stability": "stable",
    "stability-flags": [],
    "prefer-stable": false,
    "prefer-lowest": false,
    "platform": [],
    "platform-dev": []
}
